
Microsoft Visual Studio Solution File, Format Version 12.00
# Visual Studio Version 17
VisualStudioVersion = 17.8.34309.116
MinimumVisualStudioVersion = 10.0.40219.1
Project("{9A19103F-16F7-4668-BE54-9A1E7A4F7556}") = "StartProcess", "StartProcess\StartProcess.csproj", "{385131F8-92E9-4434-A84E-035650AA30F8}"
EndProject
Project("{9A19103F-16F7-4668-BE54-9A1E7A4F7556}") = "ChildProcess", "ChildProcess\ChildProcess.csproj", "{C7DDF279-AF22-486F-BCA1-9FA88D8065CF}"
EndProject
Global
	GlobalSection(SolutionConfigurationPlatforms) = preSolution
		Debug|Any CPU = Debug|Any CPU
		Release|Any CPU = Release|Any CPU
	EndGlobalSection
	GlobalSection(ProjectConfigurationPlatforms) = postSolution
		{385131F8-92E9-4434-A84E-035650AA30F8}.Debug|Any CPU.ActiveCfg = Debug|Any CPU
		{385131F8-92E9-4434-A84E-035650AA30F8}.Debug|Any CPU.Build.0 = Debug|Any CPU
		{385131F8-92E9-4434-A84E-035650AA30F8}.Release|Any CPU.ActiveCfg = Release|Any CPU
		{385131F8-92E9-4434-A84E-035650AA30F8}.Release|Any CPU.Build.0 = Release|Any CPU
		{C7DDF279-AF22-486F-BCA1-9FA88D8065CF}.Debug|Any CPU.ActiveCfg = Debug|Any CPU
		{C7DDF279-AF22-486F-BCA1-9FA88D8065CF}.Debug|Any CPU.Build.0 = Debug|Any CPU
		{C7DDF279-AF22-486F-BCA1-9FA88D8065CF}.Release|Any CPU.ActiveCfg = Release|x86
		{C7DDF279-AF22-486F-BCA1-9FA88D8065CF}.Release|Any CPU.Build.0 = Release|x86
	EndGlobalSection
	GlobalSection(SolutionProperties) = preSolution
		HideSolutionNode = FALSE
	EndGlobalSection
	GlobalSection(ExtensibilityGlobals) = postSolution
		SolutionGuid = {F1E47976-9390-4E0A-A9BD-A0FC98ECA51F}
	EndGlobalSection
EndGlobal
